
Microsoft Visual Studio Solution File, Format Version 12.00
# Visual Studio Version 16
VisualStudioVersion = 16.0.30413.136
MinimumVisualStudioVersion = 10.0.40219.1
Project("{FAE04EC0-301F-11D3-BF4B-00C04F79EFBC}") = "WcfCustomMessageEncoding", "WcfCustomMessageEncoding.csproj", "{8FC994DA-C92D-4F6C-A427-2593756FD4E2}"
EndProject
Global
	GlobalSection(SolutionConfigurationPlatforms) = preSolution
		Debug|Any CPU = Debug|Any CPU
		Release|Any CPU = Release|Any CPU
	EndGlobalSection
	GlobalSection(ProjectConfigurationPlatforms) = postSolution
		{8FC994DA-C92D-4F6C-A427-2593756FD4E2}.Debug|Any CPU.ActiveCfg = Debug|Any CPU
		{8FC994DA-C92D-4F6C-A427-2593756FD4E2}.Debug|Any CPU.Build.0 = Debug|Any CPU
		{8FC994DA-C92D-4F6C-A427-2593756FD4E2}.Release|Any CPU.ActiveCfg = Release|Any CPU
		{8FC994DA-C92D-4F6C-A427-2593756FD4E2}.Release|Any CPU.Build.0 = Release|Any CPU
	EndGlobalSection
	GlobalSection(SolutionProperties) = preSolution
		HideSolutionNode = FALSE
	EndGlobalSection
	GlobalSection(ExtensibilityGlobals) = postSolution
		SolutionGuid = {622A98B4-E251-480B-B06F-CC9AD2160287}
	EndGlobalSection
EndGlobal
